
Microsoft Visual Studio Solution File, Format Version 12.00
# Visual Studio Version 16
VisualStudioVersion = 16.0.29306.81
MinimumVisualStudioVersion = 10.0.40219.1
Project("{FAE04EC0-301F-11D3-BF4B-00C04F79EFBC}") = "Iterations", "Iterations\Iterations.csproj", "{BB5221D3-E041-4745-A29A-AA6C94D95208}"
EndProject
Project("{FAE04EC0-301F-11D3-BF4B-00C04F79EFBC}") = "DecisionConstructs", "DecisionConstructs\DecisionConstructs.csproj", "{4196615A-3F76-4C90-A5D4-A522F187145D}"
EndProject
Project("{FAE04EC0-301F-11D3-BF4B-00C04F79EFBC}") = "Arrays", "Arrays\Arrays.csproj", "{6B614036-BDC0-4393-932B-2AAA52E016CA}"
EndProject
Global
	GlobalSection(SolutionConfigurationPlatforms) = preSolution
		Debug|Any CPU = Debug|Any CPU
		Release|Any CPU = Release|Any CPU
	EndGlobalSection
	GlobalSection(ProjectConfigurationPlatforms) = postSolution
		{BB5221D3-E041-4745-A29A-AA6C94D95208}.Debug|Any CPU.ActiveCfg = Debug|Any CPU
		{BB5221D3-E041-4745-A29A-AA6C94D95208}.Debug|Any CPU.Build.0 = Debug|Any CPU
		{BB5221D3-E041-4745-A29A-AA6C94D95208}.Release|Any CPU.ActiveCfg = Release|Any CPU
		{BB5221D3-E041-4745-A29A-AA6C94D95208}.Release|Any CPU.Build.0 = Release|Any CPU
		{4196615A-3F76-4C90-A5D4-A522F187145D}.Debug|Any CPU.ActiveCfg = Debug|Any CPU
		{4196615A-3F76-4C90-A5D4-A522F187145D}.Debug|Any CPU.Build.0 = Debug|Any CPU
		{4196615A-3F76-4C90-A5D4-A522F187145D}.Release|Any CPU.ActiveCfg = Release|Any CPU
		{4196615A-3F76-4C90-A5D4-A522F187145D}.Release|Any CPU.Build.0 = Release|Any CPU
		{6B614036-BDC0-4393-932B-2AAA52E016CA}.Debug|Any CPU.ActiveCfg = Debug|Any CPU
		{6B614036-BDC0-4393-932B-2AAA52E016CA}.Debug|Any CPU.Build.0 = Debug|Any CPU
		{6B614036-BDC0-4393-932B-2AAA52E016CA}.Release|Any CPU.ActiveCfg = Release|Any CPU
		{6B614036-BDC0-4393-932B-2AAA52E016CA}.Release|Any CPU.Build.0 = Release|Any CPU
	EndGlobalSection
	GlobalSection(SolutionProperties) = preSolution
		HideSolutionNode = FALSE
	EndGlobalSection
	GlobalSection(ExtensibilityGlobals) = postSolution
		SolutionGuid = {9F903DB9-D8CA-4AA7-A1B6-440AF958573A}
	EndGlobalSection
EndGlobal
